
Microsoft Visual Studio Solution File, Format Version 12.00
# Visual Studio Version 16
VisualStudioVersion = 16.0.29709.97
MinimumVisualStudioVersion = 10.0.40219.1
Project("{FAE04EC0-301F-11D3-BF4B-00C04F79EFBC}") = "WPFModernStyler", "WPFModernStyler\WPFModernStyler.csproj", "{76C4E71F-12D8-4742-92DF-470D3DD1FBC1}"
EndProject
Global
	GlobalSection(SolutionConfigurationPlatforms) = preSolution
		Debug|Any CPU = Debug|Any CPU
		Release|Any CPU = Release|Any CPU
	EndGlobalSection
	GlobalSection(ProjectConfigurationPlatforms) = postSolution
		{76C4E71F-12D8-4742-92DF-470D3DD1FBC1}.Debug|Any CPU.ActiveCfg = Debug|Any CPU
		{76C4E71F-12D8-4742-92DF-470D3DD1FBC1}.Debug|Any CPU.Build.0 = Debug|Any CPU
		{76C4E71F-12D8-4742-92DF-470D3DD1FBC1}.Release|Any CPU.ActiveCfg = Release|Any CPU
		{76C4E71F-12D8-4742-92DF-470D3DD1FBC1}.Release|Any CPU.Build.0 = Release|Any CPU
	EndGlobalSection
	GlobalSection(SolutionProperties) = preSolution
		HideSolutionNode = FALSE
	EndGlobalSection
	GlobalSection(ExtensibilityGlobals) = postSolution
		SolutionGuid = {23A5E405-A6BA-48BB-8A2E-A5C63F55173C}
	EndGlobalSection
EndGlobal
